
Microsoft Visual Studio Solution File, Format Version 12.00
# Visual Studio Version 17
VisualStudioVersion = 17.10.34928.147
MinimumVisualStudioVersion = 10.0.40219.1
Project("{FAE04EC0-301F-11D3-BF4B-00C04F79EFBC}") = "KeySer", "KeySer.csproj", "{E5B1614C-C8DE-4F3F-9C5A-D4560CFB4719}"
EndProject
Global
	GlobalSection(SolutionConfigurationPlatforms) = preSolution
		Debug|Any CPU = Debug|Any CPU
		Release|Any CPU = Release|Any CPU
	EndGlobalSection
	GlobalSection(ProjectConfigurationPlatforms) = postSolution
		{E5B1614C-C8DE-4F3F-9C5A-D4560CFB4719}.Debug|Any CPU.ActiveCfg = Debug|Any CPU
		{E5B1614C-C8DE-4F3F-9C5A-D4560CFB4719}.Debug|Any CPU.Build.0 = Debug|Any CPU
		{E5B1614C-C8DE-4F3F-9C5A-D4560CFB4719}.Release|Any CPU.ActiveCfg = Release|Any CPU
		{E5B1614C-C8DE-4F3F-9C5A-D4560CFB4719}.Release|Any CPU.Build.0 = Release|Any CPU
	EndGlobalSection
	GlobalSection(SolutionProperties) = preSolution
		HideSolutionNode = FALSE
	EndGlobalSection
	GlobalSection(ExtensibilityGlobals) = postSolution
		SolutionGuid = {354228B6-180D-4AF4-A563-98B77633132B}
	EndGlobalSection
EndGlobal
